
Microsoft Visual Studio Solution File, Format Version 12.00
# Visual Studio Version 16
VisualStudioVersion = 16.0.29509.3
MinimumVisualStudioVersion = 10.0.40219.1
Project("{FAE04EC0-301F-11D3-BF4B-00C04F79EFBC}") = "SudokuDeTodos", "SudokuDeTodos\SudokuDeTodos.csproj", "{381654AD-A297-4032-856D-6F6B5E0287E2}"
EndProject
Global
	GlobalSection(SolutionConfigurationPlatforms) = preSolution
		Debug|Any CPU = Debug|Any CPU
		Release|Any CPU = Release|Any CPU
	EndGlobalSection
	GlobalSection(ProjectConfigurationPlatforms) = postSolution
		{381654AD-A297-4032-856D-6F6B5E0287E2}.Debug|Any CPU.ActiveCfg = Debug|Any CPU
		{381654AD-A297-4032-856D-6F6B5E0287E2}.Debug|Any CPU.Build.0 = Debug|Any CPU
		{381654AD-A297-4032-856D-6F6B5E0287E2}.Release|Any CPU.ActiveCfg = Release|Any CPU
		{381654AD-A297-4032-856D-6F6B5E0287E2}.Release|Any CPU.Build.0 = Release|Any CPU
	EndGlobalSection
	GlobalSection(SolutionProperties) = preSolution
		HideSolutionNode = FALSE
	EndGlobalSection
	GlobalSection(ExtensibilityGlobals) = postSolution
		SolutionGuid = {C95D3DD5-4110-49CB-89A5-932311EC9356}
	EndGlobalSection
EndGlobal
