
Microsoft Visual Studio Solution File, Format Version 12.00
# Visual Studio 15
VisualStudioVersion = 15.0.28307.902
MinimumVisualStudioVersion = 10.0.40219.1
Project("{FAE04EC0-301F-11D3-BF4B-00C04F79EFBC}") = "SudokuDeTodos", "SudokuDeTodos\SudokuDeTodos.csproj", "{A29EE4EB-2766-431B-B1F3-26B14CFD360E}"
EndProject
Global
	GlobalSection(SolutionConfigurationPlatforms) = preSolution
		Debug|Any CPU = Debug|Any CPU
		Release|Any CPU = Release|Any CPU
	EndGlobalSection
	GlobalSection(ProjectConfigurationPlatforms) = postSolution
		{A29EE4EB-2766-431B-B1F3-26B14CFD360E}.Debug|Any CPU.ActiveCfg = Debug|Any CPU
		{A29EE4EB-2766-431B-B1F3-26B14CFD360E}.Debug|Any CPU.Build.0 = Debug|Any CPU
		{A29EE4EB-2766-431B-B1F3-26B14CFD360E}.Release|Any CPU.ActiveCfg = Release|Any CPU
		{A29EE4EB-2766-431B-B1F3-26B14CFD360E}.Release|Any CPU.Build.0 = Release|Any CPU
	EndGlobalSection
	GlobalSection(SolutionProperties) = preSolution
		HideSolutionNode = FALSE
	EndGlobalSection
	GlobalSection(ExtensibilityGlobals) = postSolution
		SolutionGuid = {6680ADA2-1A73-4B89-BED2-4D75A56EABBC}
	EndGlobalSection
EndGlobal
